
Microsoft Visual Studio Solution File, Format Version 12.00
# Visual Studio Version 16
VisualStudioVersion = 16.0.30611.23
MinimumVisualStudioVersion = 10.0.40219.1
Project("{FAE04EC0-301F-11D3-BF4B-00C04F79EFBC}") = "RestricoesDeGenerics", "RestricoesDeGenerics\RestricoesDeGenerics.csproj", "{3BB68849-4236-4D3C-AF63-205961C6DE9F}"
EndProject
Global
	GlobalSection(SolutionConfigurationPlatforms) = preSolution
		Debug|Any CPU = Debug|Any CPU
		Release|Any CPU = Release|Any CPU
	EndGlobalSection
	GlobalSection(ProjectConfigurationPlatforms) = postSolution
		{3BB68849-4236-4D3C-AF63-205961C6DE9F}.Debug|Any CPU.ActiveCfg = Debug|Any CPU
		{3BB68849-4236-4D3C-AF63-205961C6DE9F}.Debug|Any CPU.Build.0 = Debug|Any CPU
		{3BB68849-4236-4D3C-AF63-205961C6DE9F}.Release|Any CPU.ActiveCfg = Release|Any CPU
		{3BB68849-4236-4D3C-AF63-205961C6DE9F}.Release|Any CPU.Build.0 = Release|Any CPU
	EndGlobalSection
	GlobalSection(SolutionProperties) = preSolution
		HideSolutionNode = FALSE
	EndGlobalSection
	GlobalSection(ExtensibilityGlobals) = postSolution
		SolutionGuid = {1BD3565C-FF90-4A62-A3BB-A4A2D29FE896}
	EndGlobalSection
EndGlobal
